
Microsoft Visual Studio Solution File, Format Version 12.00
# Visual Studio Version 17
VisualStudioVersion = 17.9.34622.214
MinimumVisualStudioVersion = 10.0.40219.1
Project("{FAE04EC0-301F-11D3-BF4B-00C04F79EFBC}") = "Wahadlo_projekt", "Wahadlo_projekt\Wahadlo_projekt.csproj", "{F8A52CDD-554E-4314-BF09-83D5A94205F2}"
EndProject
Global
	GlobalSection(SolutionConfigurationPlatforms) = preSolution
		Debug|Any CPU = Debug|Any CPU
		Release|Any CPU = Release|Any CPU
	EndGlobalSection
	GlobalSection(ProjectConfigurationPlatforms) = postSolution
		{F8A52CDD-554E-4314-BF09-83D5A94205F2}.Debug|Any CPU.ActiveCfg = Debug|Any CPU
		{F8A52CDD-554E-4314-BF09-83D5A94205F2}.Debug|Any CPU.Build.0 = Debug|Any CPU
		{F8A52CDD-554E-4314-BF09-83D5A94205F2}.Release|Any CPU.ActiveCfg = Release|Any CPU
		{F8A52CDD-554E-4314-BF09-83D5A94205F2}.Release|Any CPU.Build.0 = Release|Any CPU
	EndGlobalSection
	GlobalSection(SolutionProperties) = preSolution
		HideSolutionNode = FALSE
	EndGlobalSection
	GlobalSection(ExtensibilityGlobals) = postSolution
		SolutionGuid = {526CADC7-A0F5-4217-9240-1CABFDFFC24E}
	EndGlobalSection
EndGlobal
